{
  "name": "movieversemobile",
  "version": "1.0.0",
  "lockfileVersion": 2,
  "requires": true,
  "packages": {
    "": {
      "name": "movieversemobile",
      "version": "1.0.0",
      "license": "MIT",
      "devDependencies": {
        "cordova-plugin-statusbar": "^4.0.0"
      }
    },
    "node_modules/cordova-plugin-statusbar": {
      "version": "4.0.0",
      "resolved": "https://registry.npmjs.org/cordova-plugin-statusbar/-/cordova-plugin-statusbar-4.0.0.tgz",
      "integrity": "sha512-NTVdQhj9msydnarCH8ijOhASx+6fO16hg17AilAjfzWRvcBoF+4kKkPhTkZM7D2bOBePhfHEaMhEnxnA3M4Dlg==",
      "dev": true,
      "engines": {
        "cordovaDependencies": {
          "0.1.0": {
            "cordova": ">=3.0.0"
          },
          "4.0.0": {
            "cordova": ">=3.0.0",
            "cordova-android": ">=10.0.0",
            "cordova-ios": ">=6.0.0"
          },
          "5.0.0": {
            "cordova": ">100"
          }
        }
      }
    }
  },
  "dependencies": {
    "cordova-plugin-statusbar": {
      "version": "4.0.0",
      "resolved": "https://registry.npmjs.org/cordova-plugin-statusbar/-/cordova-plugin-statusbar-4.0.0.tgz",
      "integrity": "sha512-NTVdQhj9msydnarCH8ijOhASx+6fO16hg17AilAjfzWRvcBoF+4kKkPhTkZM7D2bOBePhfHEaMhEnxnA3M4Dlg==",
      "dev": true
    }
  }
}
